
Microsoft Visual Studio Solution File, Format Version 12.00
# Visual Studio 14
VisualStudioVersion = 14.0.25420.1
MinimumVisualStudioVersion = 10.0.40219.1
Project("{FAE04EC0-301F-11D3-BF4B-00C04F79EFBC}") = "BmwApiTest", "BmwApiTest\BmwApiTest.csproj", "{5ECB36E7-0FE8-49AB-B4FE-2B4FEAACFC97}"
EndProject
Project("{FAE04EC0-301F-11D3-BF4B-00C04F79EFBC}") = "BmwApi.Core", "BmwApi\BmwApi.Core.csproj", "{96F1F3F7-C9D0-435C-A5C8-6992F2CD28B3}"
EndProject
Project("{FAE04EC0-301F-11D3-BF4B-00C04F79EFBC}") = "BmwApi.Web", "BmwApi.Web\BmwApi.Web.csproj", "{03FABA8D-7584-437B-A5BB-CF64E7BD1619}"
EndProject
Global
	GlobalSection(SolutionConfigurationPlatforms) = preSolution
		Debug|Any CPU = Debug|Any CPU
		Release|Any CPU = Release|Any CPU
	EndGlobalSection
	GlobalSection(ProjectConfigurationPlatforms) = postSolution
		{5ECB36E7-0FE8-49AB-B4FE-2B4FEAACFC97}.Debug|Any CPU.ActiveCfg = Debug|Any CPU
		{5ECB36E7-0FE8-49AB-B4FE-2B4FEAACFC97}.Debug|Any CPU.Build.0 = Debug|Any CPU
		{5ECB36E7-0FE8-49AB-B4FE-2B4FEAACFC97}.Release|Any CPU.ActiveCfg = Release|Any CPU
		{5ECB36E7-0FE8-49AB-B4FE-2B4FEAACFC97}.Release|Any CPU.Build.0 = Release|Any CPU
		{96F1F3F7-C9D0-435C-A5C8-6992F2CD28B3}.Debug|Any CPU.ActiveCfg = Debug|Any CPU
		{96F1F3F7-C9D0-435C-A5C8-6992F2CD28B3}.Debug|Any CPU.Build.0 = Debug|Any CPU
		{96F1F3F7-C9D0-435C-A5C8-6992F2CD28B3}.Release|Any CPU.ActiveCfg = Release|Any CPU
		{96F1F3F7-C9D0-435C-A5C8-6992F2CD28B3}.Release|Any CPU.Build.0 = Release|Any CPU
		{03FABA8D-7584-437B-A5BB-CF64E7BD1619}.Debug|Any CPU.ActiveCfg = Debug|Any CPU
		{03FABA8D-7584-437B-A5BB-CF64E7BD1619}.Debug|Any CPU.Build.0 = Debug|Any CPU
		{03FABA8D-7584-437B-A5BB-CF64E7BD1619}.Release|Any CPU.ActiveCfg = Release|Any CPU
		{03FABA8D-7584-437B-A5BB-CF64E7BD1619}.Release|Any CPU.Build.0 = Release|Any CPU
	EndGlobalSection
	GlobalSection(SolutionProperties) = preSolution
		HideSolutionNode = FALSE
	EndGlobalSection
EndGlobal
